GEM
  remote: https://rubygems.org/
  specs:
    iodine (0.7.59)
    json (3.0.2)
    sqlite3 (2.9.6-aarch64-linux-gnu)
    sqlite3 (2.9.6-aarch64-linux-musl)
    sqlite3 (2.9.6-arm-linux-gnu)
    sqlite3 (2.9.6-arm-linux-musl)
    sqlite3 (2.9.6-arm64-darwin)
    sqlite3 (2.9.6-x86-linux-gnu)
    sqlite3 (2.9.6-x86-linux-musl)
    sqlite3 (2.9.6-x86_64-darwin)
    sqlite3 (2.9.6-x86_64-linux-gnu)
    sqlite3 (2.9.6-x86_64-linux-musl)

PLATFORMS
  aarch64-linux
  aarch64-linux-gnu
  aarch64-linux-musl
  arm-linux-gnu
  arm-linux-musl
  arm64-darwin
  x86-linux-gnu
  x86-linux-musl
  x86_64-darwin
  x86_64-linux
  x86_64-linux-gnu
  x86_64-linux-musl

DEPENDENCIES
  iodine (= 0.7.59)
  json (= 3.0.2)
  sqlite3 (= 2.9.6)

CHECKSUMS
  iodine (0.7.59) sha256=59a09ff45afefa2ba823c4e58d9c73e55d6d9a0cd8c7fb08ba73571fc4758301
  json (3.0.2) sha256=8e6d7e7b11384c21230430cef90b71f14849a34a1f4452796670f7c981bd19df
  sqlite3 (2.9.6-aarch64-linux-gnu) sha256=d8b1f7d23efd7abac285775a9566562fc7debfef79d594e3a20354406fb7907c
  sqlite3 (2.9.6-aarch64-linux-musl) sha256=3579e1c98cdc7ff5c3722847bb63ed4e1efb7ff675cb5e1e48ef2d4da5fb3bc9
  sqlite3 (2.9.6-arm-linux-gnu) sha256=33541500e3615da02afe54a9cc38b17a6985d3cf9d8b76d6d0a83002f114e7ec
  sqlite3 (2.9.6-arm-linux-musl) sha256=c5490af48bb228fefa54314e9541375c3907e70f8109f3881b5ff97e1c93ae33
  sqlite3 (2.9.6-arm64-darwin) sha256=849b5d7f795e60fe25076d62c72dd722beb45b3850b516ad978d60ee848ec15b
  sqlite3 (2.9.6-x86-linux-gnu) sha256=fbaa9f46f9708f57dd8a459b37fc269f9613e0cacf1547df01aa439cc45c20c0
  sqlite3 (2.9.6-x86-linux-musl) sha256=6715026fbb5530e810b28ef43b9c4f84cd3c991f67b9d808a31fcc32b847abbd
  sqlite3 (2.9.6-x86_64-darwin) sha256=b5842fea77781c14da03fa7bc0feb82db03a69e135affcb6f5399cbd2797a5f3
  sqlite3 (2.9.6-x86_64-linux-gnu) sha256=613188ce02f614126ddbc38c5e217ccffd6306d0dcd9adca9764547aa890a634
  sqlite3 (2.9.6-x86_64-linux-musl) sha256=d493b11818a3573387a1d56e1ee8fa00da23a683a7a1cc063e7a0feeed843abf

BUNDLED WITH
  4.0.10
